
Microsoft Visual Studio Solution File, Format Version 12.00
# Visual Studio Version 16
VisualStudioVersion = 16.0.29306.81
MinimumVisualStudioVersion = 10.0.40219.1
Project("{FAE04EC0-301F-11D3-BF4B-00C04F79EFBC}") = "ClassDemo", "ClassDemo\ClassDemo.csproj", "{89178A13-7F76-469D-B01F-721D5B11BE89}"
EndProject
Global
	GlobalSection(SolutionConfigurationPlatforms) = preSolution
		Debug|Any CPU = Debug|Any CPU
		Release|Any CPU = Release|Any CPU
	EndGlobalSection
	GlobalSection(ProjectConfigurationPlatforms) = postSolution
		{89178A13-7F76-469D-B01F-721D5B11BE89}.Debug|Any CPU.ActiveCfg = Debug|Any CPU
		{89178A13-7F76-469D-B01F-721D5B11BE89}.Debug|Any CPU.Build.0 = Debug|Any CPU
		{89178A13-7F76-469D-B01F-721D5B11BE89}.Release|Any CPU.ActiveCfg = Release|Any CPU
		{89178A13-7F76-469D-B01F-721D5B11BE89}.Release|Any CPU.Build.0 = Release|Any CPU
	EndGlobalSection
	GlobalSection(SolutionProperties) = preSolution
		HideSolutionNode = FALSE
	EndGlobalSection
	GlobalSection(ExtensibilityGlobals) = postSolution
		SolutionGuid = {DF455328-4FB4-4256-8686-0491E8BD62E3}
	EndGlobalSection
EndGlobal
